// !$*UTF8*$!
{
	archiveVersion = 1;
	classes = {
	};
	objectVersion = 46;
	objects = {

/* Begin PBXBuildFile section */
		89090EC217A97DA100FCB217 /* Security.framework in Frameworks */ = {isa = PBXBuildFile; fileRef = 89090EC117A97DA100FCB217 /* Security.framework */; };
		89090EC417A97DA900FCB217 /* MobileCoreServices.framework in Frameworks */ = {isa = PBXBuildFile; fileRef = 89090EC317A97DA900FCB217 /* MobileCoreServices.framework */; };
		89090EC617A97DAE00FCB217 /* SystemConfiguration.framework in Frameworks */ = {isa = PBXBuildFile; fileRef = 89090EC517A97DAE00FCB217 /* SystemConfiguration.framework */; };
		89090EEB17A982AC00FCB217 /* SBHTTPClient.m in Sources */ = {isa = PBXBuildFile; fileRef = 89090EEA17A982AC00FCB217 /* SBHTTPClient.m */; };
		89090EEE17A9D06C00FCB217 /* SBRootViewController.m in Sources */ = {isa = PBXBuildFile; fileRef = 89090EED17A9D06C00FCB217 /* SBRootViewController.m */; };
		891B18AD17A88D530052CF06 /* UIKit.framework in Frameworks */ = {isa = PBXBuildFile; fileRef = 891B18AC17A88D530052CF06 /* UIKit.framework */; };
		891B18AF17A88D530052CF06 /* Foundation.framework in Frameworks */ = {isa = PBXBuildFile; fileRef = 891B18AE17A88D530052CF06 /* Foundation.framework */; };
		891B18B117A88D530052CF06 /* CoreGraphics.framework in Frameworks */ = {isa = PBXBuildFile; fileRef = 891B18B017A88D530052CF06 /* CoreGraphics.framework */; };
		891B18B717A88D530052CF06 /* InfoPlist.strings in Resources */ = {isa = PBXBuildFile; fileRef = 891B18B517A88D530052CF06 /* InfoPlist.strings */; };
		891B18B917A88D530052CF06 /* main.m in Sources */ = {isa = PBXBuildFile; fileRef = 891B18B817A88D530052CF06 /* main.m */; };
		891B18BD17A88D530052CF06 /* SBAppDelegate.m in Sources */ = {isa = PBXBuildFile; fileRef = 891B18BC17A88D530052CF06 /* SBAppDelegate.m */; };
		891B18BF17A88D530052CF06 /* Default.png in Resources */ = {isa = PBXBuildFile; fileRef = 891B18BE17A88D530052CF06 /* Default.png */; };
		891B18C117A88D530052CF06 /* Default@2x.png in Resources */ = {isa = PBXBuildFile; fileRef = 891B18C017A88D530052CF06 /* Default@2x.png */; };
		891B18C317A88D530052CF06 /* Default-568h@2x.png in Resources */ = {isa = PBXBuildFile; fileRef = 891B18C217A88D530052CF06 /* Default-568h@2x.png */; };
		891B18CB17A88D530052CF06 /* SenTestingKit.framework in Frameworks */ = {isa = PBXBuildFile; fileRef = 891B18CA17A88D530052CF06 /* SenTestingKit.framework */; };
		891B18CC17A88D530052CF06 /* UIKit.framework in Frameworks */ = {isa = PBXBuildFile; fileRef = 891B18AC17A88D530052CF06 /* UIKit.framework */; };
		891B18CD17A88D530052CF06 /* Foundation.framework in Frameworks */ = {isa = PBXBuildFile; fileRef = 891B18AE17A88D530052CF06 /* Foundation.framework */; };
		891B18D517A88D530052CF06 /* InfoPlist.strings in Resources */ = {isa = PBXBuildFile; fileRef = 891B18D317A88D530052CF06 /* InfoPlist.strings */; };
		891B18D817A88D530052CF06 /* DemoProjectTests.m in Sources */ = {isa = PBXBuildFile; fileRef = 891B18D717A88D530052CF06 /* DemoProjectTests.m */; };
		8937458417AAC0110051FF00 /* AFHTTPClient.m in Sources */ = {isa = PBXBuildFile; fileRef = 8937457217AAC0110051FF00 /* AFHTTPClient.m */; };
		8937458517AAC0110051FF00 /* AFHTTPRequestOperation.m in Sources */ = {isa = PBXBuildFile; fileRef = 8937457417AAC0110051FF00 /* AFHTTPRequestOperation.m */; };
		8937458617AAC0110051FF00 /* AFImageRequestOperation.m in Sources */ = {isa = PBXBuildFile; fileRef = 8937457617AAC0110051FF00 /* AFImageRequestOperation.m */; };
		8937458717AAC0110051FF00 /* AFJSONRequestOperation.m in Sources */ = {isa = PBXBuildFile; fileRef = 8937457817AAC0110051FF00 /* AFJSONRequestOperation.m */; };
		8937458817AAC0110051FF00 /* AFNetworkActivityIndicatorManager.m in Sources */ = {isa = PBXBuildFile; fileRef = 8937457A17AAC0110051FF00 /* AFNetworkActivityIndicatorManager.m */; };
		8937458917AAC0110051FF00 /* AFPropertyListRequestOperation.m in Sources */ = {isa = PBXBuildFile; fileRef = 8937457D17AAC0110051FF00 /* AFPropertyListRequestOperation.m */; };
		8937458A17AAC0110051FF00 /* AFURLConnectionOperation.m in Sources */ = {isa = PBXBuildFile; fileRef = 8937457F17AAC0110051FF00 /* AFURLConnectionOperation.m */; };
		8937458B17AAC0110051FF00 /* AFXMLRequestOperation.m in Sources */ = {isa = PBXBuildFile; fileRef = 8937458117AAC0110051FF00 /* AFXMLRequestOperation.m */; };
		8937458C17AAC0110051FF00 /* UIImageView+AFNetworking.m in Sources */ = {isa = PBXBuildFile; fileRef = 8937458317AAC0110051FF00 /* UIImageView+AFNetworking.m */; };
		8937458F17AAC6BF0051FF00 /* SBLoginViewController.m in Sources */ = {isa = PBXBuildFile; fileRef = 8937458E17AAC6BF0051FF00 /* SBLoginViewController.m */; };
		8937459317AAC75B0051FF00 /* AFOAuth2Client.m in Sources */ = {isa = PBXBuildFile; fileRef = 8937459217AAC75B0051FF00 /* AFOAuth2Client.m */; };
/* End PBXBuildFile section */

/* Begin PBXContainerItemProxy section */
		891B18CE17A88D530052CF06 /* PBXContainerItemProxy */ = {
			isa = PBXContainerItemProxy;
			containerPortal = 891B18A117A88D520052CF06 /* Project object */;
			proxyType = 1;
			remoteGlobalIDString = 891B18A817A88D520052CF06;
			remoteInfo = DemoProject;
		};
/* End PBXContainerItemProxy section */

/* Begin PBXFileReference section */
		89090EC117A97DA100FCB217 /* Security.framework */ = {isa = PBXFileReference; lastKnownFileType = wrapper.framework; name = Security.framework; path = System/Library/Frameworks/Security.framework; sourceTree = SDKROOT; };
		89090EC317A97DA900FCB217 /* MobileCoreServices.framework */ = {isa = PBXFileReference; lastKnownFileType = wrapper.framework; name = MobileCoreServices.framework; path = System/Library/Frameworks/MobileCoreServices.framework; sourceTree = SDKROOT; };
		89090EC517A97DAE00FCB217 /* SystemConfiguration.framework */ = {isa = PBXFileReference; lastKnownFileType = wrapper.framework; name = SystemConfiguration.framework; path = System/Library/Frameworks/SystemConfiguration.framework; sourceTree = SDKROOT; };
		89090EE917A982AC00FCB217 /* SBHTTPClient.h */ = {isa = PBXFileReference; fileEncoding = 4; lastKnownFileType = sourcecode.c.h; path = SBHTTPClient.h; sourceTree = "<group>"; };
		89090EEA17A982AC00FCB217 /* SBHTTPClient.m */ = {isa = PBXFileReference; fileEncoding = 4; lastKnownFileType = sourcecode.c.objc; path = SBHTTPClient.m; sourceTree = "<group>"; };
		89090EEC17A9D06C00FCB217 /* SBRootViewController.h */ = {isa = PBXFileReference; fileEncoding = 4; lastKnownFileType = sourcecode.c.h; path = SBRootViewController.h; sourceTree = "<group>"; };
		89090EED17A9D06C00FCB217 /* SBRootViewController.m */ = {isa = PBXFileReference; fileEncoding = 4; lastKnownFileType = sourcecode.c.objc; path = SBRootViewController.m; sourceTree = "<group>"; };
		891B18A917A88D530052CF06 /* DemoProject.app */ = {isa = PBXFileReference; explicitFileType = wrapper.application; includeInIndex = 0; path = DemoProject.app; sourceTree = BUILT_PRODUCTS_DIR; };
		891B18AC17A88D530052CF06 /* UIKit.framework */ = {isa = PBXFileReference; lastKnownFileType = wrapper.framework; name = UIKit.framework; path = System/Library/Frameworks/UIKit.framework; sourceTree = SDKROOT; };
		891B18AE17A88D530052CF06 /* Foundation.framework */ = {isa = PBXFileReference; lastKnownFileType = wrapper.framework; name = Foundation.framework; path = System/Library/Frameworks/Foundation.framework; sourceTree = SDKROOT; };
		891B18B017A88D530052CF06 /* CoreGraphics.framework */ = {isa = PBXFileReference; lastKnownFileType = wrapper.framework; name = CoreGraphics.framework; path = System/Library/Frameworks/CoreGraphics.framework; sourceTree = SDKROOT; };
		891B18B417A88D530052CF06 /* DemoProject-Info.plist */ = {isa = PBXFileReference; lastKnownFileType = text.plist.xml; path = "DemoProject-Info.plist"; sourceTree = "<group>"; };
		891B18B617A88D530052CF06 /* en */ = {isa = PBXFileReference; lastKnownFileType = text.plist.strings; name = en; path = en.lproj/InfoPlist.strings; sourceTree = "<group>"; };
		891B18B817A88D530052CF06 /* main.m */ = {isa = PBXFileReference; lastKnownFileType = sourcecode.c.objc; path = main.m; sourceTree = "<group>"; };
		891B18BA17A88D530052CF06 /* DemoProject-Prefix.pch */ = {isa = PBXFileReference; lastKnownFileType = sourcecode.c.h; path = "DemoProject-Prefix.pch"; sourceTree = "<group>"; };
		891B18BB17A88D530052CF06 /* SBAppDelegate.h */ = {isa = PBXFileReference; lastKnownFileType = sourcecode.c.h; path = SBAppDelegate.h; sourceTree = "<group>"; };
		891B18BC17A88D530052CF06 /* SBAppDelegate.m */ = {isa = PBXFileReference; lastKnownFileType = sourcecode.c.objc; path = SBAppDelegate.m; sourceTree = "<group>"; };
		891B18BE17A88D530052CF06 /* Default.png */ = {isa = PBXFileReference; lastKnownFileType = image.png; path = Default.png; sourceTree = "<group>"; };
		891B18C017A88D530052CF06 /* Default@2x.png */ = {isa = PBXFileReference; lastKnownFileType = image.png; path = "Default@2x.png"; sourceTree = "<group>"; };
		891B18C217A88D530052CF06 /* Default-568h@2x.png */ = {isa = PBXFileReference; lastKnownFileType = image.png; path = "Default-568h@2x.png"; sourceTree = "<group>"; };
		891B18C917A88D530052CF06 /* DemoProjectTests.octest */ = {isa = PBXFileReference; explicitFileType = wrapper.cfbundle; includeInIndex = 0; path = DemoProjectTests.octest; sourceTree = BUILT_PRODUCTS_DIR; };
		891B18CA17A88D530052CF06 /* SenTestingKit.framework */ = {isa = PBXFileReference; lastKnownFileType = wrapper.framework; name = SenTestingKit.framework; path = Library/Frameworks/SenTestingKit.framework; sourceTree = DEVELOPER_DIR; };
		891B18D217A88D530052CF06 /* DemoProjectTests-Info.plist */ = {isa = PBXFileReference; lastKnownFileType = text.plist.xml; path = "DemoProjectTests-Info.plist"; sourceTree = "<group>"; };
		891B18D417A88D530052CF06 /* en */ = {isa = PBXFileReference; lastKnownFileType = text.plist.strings; name = en; path = en.lproj/InfoPlist.strings; sourceTree = "<group>"; };
		891B18D617A88D530052CF06 /* DemoProjectTests.h */ = {isa = PBXFileReference; lastKnownFileType = sourcecode.c.h; path = DemoProjectTests.h; sourceTree = "<group>"; };
		891B18D717A88D530052CF06 /* DemoProjectTests.m */ = {isa = PBXFileReference; lastKnownFileType = sourcecode.c.objc; path = DemoProjectTests.m; sourceTree = "<group>"; };
		8937457117AAC0110051FF00 /* AFHTTPClient.h */ = {isa = PBXFileReference; fileEncoding = 4; lastKnownFileType = sourcecode.c.h; path = AFHTTPClient.h; sourceTree = "<group>"; };
		8937457217AAC0110051FF00 /* AFHTTPClient.m */ = {isa = PBXFileReference; fileEncoding = 4; lastKnownFileType = sourcecode.c.objc; path = AFHTTPClient.m; sourceTree = "<group>"; };
		8937457317AAC0110051FF00 /* AFHTTPRequestOperation.h */ = {isa = PBXFileReference; fileEncoding = 4; lastKnownFileType = sourcecode.c.h; path = AFHTTPRequestOperation.h; sourceTree = "<group>"; };
		8937457417AAC0110051FF00 /* AFHTTPRequestOperation.m */ = {isa = PBXFileReference; fileEncoding = 4; lastKnownFileType = sourcecode.c.objc; path = AFHTTPRequestOperation.m; sourceTree = "<group>"; };
		8937457517AAC0110051FF00 /* AFImageRequestOperation.h */ = {isa = PBXFileReference; fileEncoding = 4; lastKnownFileType = sourcecode.c.h; path = AFImageRequestOperation.h; sourceTree = "<group>"; };
		8937457617AAC0110051FF00 /* AFImageRequestOperation.m */ = {isa = PBXFileReference; fileEncoding = 4; lastKnownFileType = sourcecode.c.objc; path = AFImageRequestOperation.m; sourceTree = "<group>"; };
		8937457717AAC0110051FF00 /* AFJSONRequestOperation.h */ = {isa = PBXFileReference; fileEncoding = 4; lastKnownFileType = sourcecode.c.h; path = AFJSONRequestOperation.h; sourceTree = "<group>"; };
		8937457817AAC0110051FF00 /* AFJSONRequestOperation.m */ = {isa = PBXFileReference; fileEncoding = 4; lastKnownFileType = sourcecode.c.objc; path = AFJSONRequestOperation.m; sourceTree = "<group>"; };
		8937457917AAC0110051FF00 /* AFNetworkActivityIndicatorManager.h */ = {isa = PBXFileReference; fileEncoding = 4; lastKnownFileType = sourcecode.c.h; path = AFNetworkActivityIndicatorManager.h; sourceTree = "<group>"; };
		8937457A17AAC0110051FF00 /* AFNetworkActivityIndicatorManager.m */ = {isa = PBXFileReference; fileEncoding = 4; lastKnownFileType = sourcecode.c.objc; path = AFNetworkActivityIndicatorManager.m; sourceTree = "<group>"; };
		8937457B17AAC0110051FF00 /* AFNetworking.h */ = {isa = PBXFileReference; fileEncoding = 4; lastKnownFileType = sourcecode.c.h; path = AFNetworking.h; sourceTree = "<group>"; };
		8937457C17AAC0110051FF00 /* AFPropertyListRequestOperation.h */ = {isa = PBXFileReference; fileEncoding = 4; lastKnownFileType = sourcecode.c.h; path = AFPropertyListRequestOperation.h; sourceTree = "<group>"; };
		8937457D17AAC0110051FF00 /* AFPropertyListRequestOperation.m */ = {isa = PBXFileReference; fileEncoding = 4; lastKnownFileType = sourcecode.c.objc; path = AFPropertyListRequestOperation.m; sourceTree = "<group>"; };
		8937457E17AAC0110051FF00 /* AFURLConnectionOperation.h */ = {isa = PBXFileReference; fileEncoding = 4; lastKnownFileType = sourcecode.c.h; path = AFURLConnectionOperation.h; sourceTree = "<group>"; };
		8937457F17AAC0110051FF00 /* AFURLConnectionOperation.m */ = {isa = PBXFileReference; fileEncoding = 4; lastKnownFileType = sourcecode.c.objc; path = AFURLConnectionOperation.m; sourceTree = "<group>"; };
		8937458017AAC0110051FF00 /* AFXMLRequestOperation.h */ = {isa = PBXFileReference; fileEncoding = 4; lastKnownFileType = sourcecode.c.h; path = AFXMLRequestOperation.h; sourceTree = "<group>"; };
		8937458117AAC0110051FF00 /* AFXMLRequestOperation.m */ = {isa = PBXFileReference; fileEncoding = 4; lastKnownFileType = sourcecode.c.objc; path = AFXMLRequestOperation.m; sourceTree = "<group>"; };
		8937458217AAC0110051FF00 /* UIImageView+AFNetworking.h */ = {isa = PBXFileReference; fileEncoding = 4; lastKnownFileType = sourcecode.c.h; path = "UIImageView+AFNetworking.h"; sourceTree = "<group>"; };
		8937458317AAC0110051FF00 /* UIImageView+AFNetworking.m */ = {isa = PBXFileReference; fileEncoding = 4; lastKnownFileType = sourcecode.c.objc; path = "UIImageView+AFNetworking.m"; sourceTree = "<group>"; };
		8937458D17AAC6BF0051FF00 /* SBLoginViewController.h */ = {isa = PBXFileReference; fileEncoding = 4; lastKnownFileType = sourcecode.c.h; path = SBLoginViewController.h; sourceTree = "<group>"; };
		8937458E17AAC6BF0051FF00 /* SBLoginViewController.m */ = {isa = PBXFileReference; fileEncoding = 4; lastKnownFileType = sourcecode.c.objc; path = SBLoginViewController.m; sourceTree = "<group>"; };
		8937459117AAC75B0051FF00 /* AFOAuth2Client.h */ = {isa = PBXFileReference; fileEncoding = 4; lastKnownFileType = sourcecode.c.h; path = AFOAuth2Client.h; sourceTree = "<group>"; };
		8937459217AAC75B0051FF00 /* AFOAuth2Client.m */ = {isa = PBXFileReference; fileEncoding = 4; lastKnownFileType = sourcecode.c.objc; path = AFOAuth2Client.m; sourceTree = "<group>"; };
/* End PBXFileReference section */

/* Begin PBXFrameworksBuildPhase section */
		891B18A617A88D520052CF06 /* Frameworks */ = {
			isa = PBXFrameworksBuildPhase;
			buildActionMask = 2147483647;
			files = (
				89090EC617A97DAE00FCB217 /* SystemConfiguration.framework in Frameworks */,
				89090EC417A97DA900FCB217 /* MobileCoreServices.framework in Frameworks */,
				89090EC217A97DA100FCB217 /* Security.framework in Frameworks */,
				891B18AD17A88D530052CF06 /* UIKit.framework in Frameworks */,
				891B18AF17A88D530052CF06 /* Foundation.framework in Frameworks */,
				891B18B117A88D530052CF06 /* CoreGraphics.framework in Frameworks */,
			);
			runOnlyForDeploymentPostprocessing = 0;
		};
		891B18C517A88D530052CF06 /* Frameworks */ = {
			isa = PBXFrameworksBuildPhase;
			buildActionMask = 2147483647;
			files = (
				891B18CB17A88D530052CF06 /* SenTestingKit.framework in Frameworks */,
				891B18CC17A88D530052CF06 /* UIKit.framework in Frameworks */,
				891B18CD17A88D530052CF06 /* Foundation.framework in Frameworks */,
			);
			runOnlyForDeploymentPostprocessing = 0;
		};
/* End PBXFrameworksBuildPhase section */

/* Begin PBXGroup section */
		891B18A017A88D520052CF06 = {
			isa = PBXGroup;
			children = (
				891B18B217A88D530052CF06 /* DemoProject */,
				891B18D017A88D530052CF06 /* DemoProjectTests */,
				891B18AB17A88D530052CF06 /* Frameworks */,
				891B18AA17A88D530052CF06 /* Products */,
			);
			sourceTree = "<group>";
		};
		891B18AA17A88D530052CF06 /* Products */ = {
			isa = PBXGroup;
			children = (
				891B18A917A88D530052CF06 /* DemoProject.app */,
				891B18C917A88D530052CF06 /* DemoProjectTests.octest */,
			);
			name = Products;
			sourceTree = "<group>";
		};
		891B18AB17A88D530052CF06 /* Frameworks */ = {
			isa = PBXGroup;
			children = (
				89090EC517A97DAE00FCB217 /* SystemConfiguration.framework */,
				89090EC317A97DA900FCB217 /* MobileCoreServices.framework */,
				89090EC117A97DA100FCB217 /* Security.framework */,
				891B18AC17A88D530052CF06 /* UIKit.framework */,
				891B18AE17A88D530052CF06 /* Foundation.framework */,
				891B18B017A88D530052CF06 /* CoreGraphics.framework */,
				891B18CA17A88D530052CF06 /* SenTestingKit.framework */,
			);
			name = Frameworks;
			sourceTree = "<group>";
		};
		891B18B217A88D530052CF06 /* DemoProject */ = {
			isa = PBXGroup;
			children = (
				891B18BB17A88D530052CF06 /* SBAppDelegate.h */,
				891B18BC17A88D530052CF06 /* SBAppDelegate.m */,
				89090EEC17A9D06C00FCB217 /* SBRootViewController.h */,
				89090EED17A9D06C00FCB217 /* SBRootViewController.m */,
				8937458D17AAC6BF0051FF00 /* SBLoginViewController.h */,
				8937458E17AAC6BF0051FF00 /* SBLoginViewController.m */,
				891B18E117A88DE70052CF06 /* StageBlocAPI */,
				891B18B317A88D530052CF06 /* Supporting Files */,
			);
			path = DemoProject;
			sourceTree = "<group>";
		};
		891B18B317A88D530052CF06 /* Supporting Files */ = {
			isa = PBXGroup;
			children = (
				891B18B417A88D530052CF06 /* DemoProject-Info.plist */,
				891B18B517A88D530052CF06 /* InfoPlist.strings */,
				891B18B817A88D530052CF06 /* main.m */,
				891B18BA17A88D530052CF06 /* DemoProject-Prefix.pch */,
				891B18BE17A88D530052CF06 /* Default.png */,
				891B18C017A88D530052CF06 /* Default@2x.png */,
				891B18C217A88D530052CF06 /* Default-568h@2x.png */,
			);
			name = "Supporting Files";
			sourceTree = "<group>";
		};
		891B18D017A88D530052CF06 /* DemoProjectTests */ = {
			isa = PBXGroup;
			children = (
				891B18D617A88D530052CF06 /* DemoProjectTests.h */,
				891B18D717A88D530052CF06 /* DemoProjectTests.m */,
				891B18D117A88D530052CF06 /* Supporting Files */,
			);
			path = DemoProjectTests;
			sourceTree = "<group>";
		};
		891B18D117A88D530052CF06 /* Supporting Files */ = {
			isa = PBXGroup;
			children = (
				891B18D217A88D530052CF06 /* DemoProjectTests-Info.plist */,
				891B18D317A88D530052CF06 /* InfoPlist.strings */,
			);
			name = "Supporting Files";
			sourceTree = "<group>";
		};
		891B18E117A88DE70052CF06 /* StageBlocAPI */ = {
			isa = PBXGroup;
			children = (
				8937459017AAC75B0051FF00 /* AFOAuth2Client */,
				8937457017AAC0110051FF00 /* AFNetworking */,
				89090EE917A982AC00FCB217 /* SBHTTPClient.h */,
				89090EEA17A982AC00FCB217 /* SBHTTPClient.m */,
			);
			path = StageBlocAPI;
			sourceTree = "<group>";
		};
		8937457017AAC0110051FF00 /* AFNetworking */ = {
			isa = PBXGroup;
			children = (
				8937457117AAC0110051FF00 /* AFHTTPClient.h */,
				8937457217AAC0110051FF00 /* AFHTTPClient.m */,
				8937457317AAC0110051FF00 /* AFHTTPRequestOperation.h */,
				8937457417AAC0110051FF00 /* AFHTTPRequestOperation.m */,
				8937457517AAC0110051FF00 /* AFImageRequestOperation.h */,
				8937457617AAC0110051FF00 /* AFImageRequestOperation.m */,
				8937457717AAC0110051FF00 /* AFJSONRequestOperation.h */,
				8937457817AAC0110051FF00 /* AFJSONRequestOperation.m */,
				8937457917AAC0110051FF00 /* AFNetworkActivityIndicatorManager.h */,
				8937457A17AAC0110051FF00 /* AFNetworkActivityIndicatorManager.m */,
				8937457B17AAC0110051FF00 /* AFNetworking.h */,
				8937457C17AAC0110051FF00 /* AFPropertyListRequestOperation.h */,
				8937457D17AAC0110051FF00 /* AFPropertyListRequestOperation.m */,
				8937457E17AAC0110051FF00 /* AFURLConnectionOperation.h */,
				8937457F17AAC0110051FF00 /* AFURLConnectionOperation.m */,
				8937458017AAC0110051FF00 /* AFXMLRequestOperation.h */,
				8937458117AAC0110051FF00 /* AFXMLRequestOperation.m */,
				8937458217AAC0110051FF00 /* UIImageView+AFNetworking.h */,
				8937458317AAC0110051FF00 /* UIImageView+AFNetworking.m */,
			);
			path = AFNetworking;
			sourceTree = "<group>";
		};
		8937459017AAC75B0051FF00 /* AFOAuth2Client */ = {
			isa = PBXGroup;
			children = (
				8937459117AAC75B0051FF00 /* AFOAuth2Client.h */,
				8937459217AAC75B0051FF00 /* AFOAuth2Client.m */,
			);
			path = AFOAuth2Client;
			sourceTree = "<group>";
		};
/* End PBXGroup section */

/* Begin PBXNativeTarget section */
		891B18A817A88D520052CF06 /* DemoProject */ = {
			isa = PBXNativeTarget;
			buildConfigurationList = 891B18DB17A88D530052CF06 /* Build configuration list for PBXNativeTarget "DemoProject" */;
			buildPhases = (
				891B18A517A88D520052CF06 /* Sources */,
				891B18A617A88D520052CF06 /* Frameworks */,
				891B18A717A88D520052CF06 /* Resources */,
			);
			buildRules = (
			);
			dependencies = (
			);
			name = DemoProject;
			productName = DemoProject;
			productReference = 891B18A917A88D530052CF06 /* DemoProject.app */;
			productType = "com.apple.product-type.application";
		};
		891B18C817A88D530052CF06 /* DemoProjectTests */ = {
			isa = PBXNativeTarget;
			buildConfigurationList = 891B18DE17A88D530052CF06 /* Build configuration list for PBXNativeTarget "DemoProjectTests" */;
			buildPhases = (
				891B18C417A88D530052CF06 /* Sources */,
				891B18C517A88D530052CF06 /* Frameworks */,
				891B18C617A88D530052CF06 /* Resources */,
				891B18C717A88D530052CF06 /* ShellScript */,
			);
			buildRules = (
			);
			dependencies = (
				891B18CF17A88D530052CF06 /* PBXTargetDependency */,
			);
			name = DemoProjectTests;
			productName = DemoProjectTests;
			productReference = 891B18C917A88D530052CF06 /* DemoProjectTests.octest */;
			productType = "com.apple.product-type.bundle";
		};
/* End PBXNativeTarget section */

/* Begin PBXProject section */
		891B18A117A88D520052CF06 /* Project object */ = {
			isa = PBXProject;
			attributes = {
				CLASSPREFIX = SB;
				LastUpgradeCheck = 0460;
				ORGANIZATIONNAME = StageBloc;
			};
			buildConfigurationList = 891B18A417A88D520052CF06 /* Build configuration list for PBXProject "DemoProject" */;
			compatibilityVersion = "Xcode 3.2";
			developmentRegion = English;
			hasScannedForEncodings = 0;
			knownRegions = (
				en,
			);
			mainGroup = 891B18A017A88D520052CF06;
			productRefGroup = 891B18AA17A88D530052CF06 /* Products */;
			projectDirPath = "";
			projectRoot = "";
			targets = (
				891B18A817A88D520052CF06 /* DemoProject */,
				891B18C817A88D530052CF06 /* DemoProjectTests */,
			);
		};
/* End PBXProject section */

/* Begin PBXResourcesBuildPhase section */
		891B18A717A88D520052CF06 /* Resources */ = {
			isa = PBXResourcesBuildPhase;
			buildActionMask = 2147483647;
			files = (
				891B18B717A88D530052CF06 /* InfoPlist.strings in Resources */,
				891B18BF17A88D530052CF06 /* Default.png in Resources */,
				891B18C117A88D530052CF06 /* Default@2x.png in Resources */,
				891B18C317A88D530052CF06 /* Default-568h@2x.png in Resources */,
			);
			runOnlyForDeploymentPostprocessing = 0;
		};
		891B18C617A88D530052CF06 /* Resources */ = {
			isa = PBXResourcesBuildPhase;
			buildActionMask = 2147483647;
			files = (
				891B18D517A88D530052CF06 /* InfoPlist.strings in Resources */,
			);
			runOnlyForDeploymentPostprocessing = 0;
		};
/* End PBXResourcesBuildPhase section */

/* Begin PBXShellScriptBuildPhase section */
		891B18C717A88D530052CF06 /* ShellScript */ = {
			isa = PBXShellScriptBuildPhase;
			buildActionMask = 2147483647;
			files = (
			);
			inputPaths = (
			);
			outputPaths = (
			);
			runOnlyForDeploymentPostprocessing = 0;
			shellPath = /bin/sh;
			shellScript = "# Run the unit tests in this test bundle.\n\"${SYSTEM_DEVELOPER_DIR}/Tools/RunUnitTests\"\n";
		};
/* End PBXShellScriptBuildPhase section */

/* Begin PBXSourcesBuildPhase section */
		891B18A517A88D520052CF06 /* Sources */ = {
			isa = PBXSourcesBuildPhase;
			buildActionMask = 2147483647;
			files = (
				891B18B917A88D530052CF06 /* main.m in Sources */,
				891B18BD17A88D530052CF06 /* SBAppDelegate.m in Sources */,
				89090EEB17A982AC00FCB217 /* SBHTTPClient.m in Sources */,
				89090EEE17A9D06C00FCB217 /* SBRootViewController.m in Sources */,
				8937458417AAC0110051FF00 /* AFHTTPClient.m in Sources */,
				8937458517AAC0110051FF00 /* AFHTTPRequestOperation.m in Sources */,
				8937458617AAC0110051FF00 /* AFImageRequestOperation.m in Sources */,
				8937458717AAC0110051FF00 /* AFJSONRequestOperation.m in Sources */,
				8937458817AAC0110051FF00 /* AFNetworkActivityIndicatorManager.m in Sources */,
				8937458917AAC0110051FF00 /* AFPropertyListRequestOperation.m in Sources */,
				8937458A17AAC0110051FF00 /* AFURLConnectionOperation.m in Sources */,
				8937458B17AAC0110051FF00 /* AFXMLRequestOperation.m in Sources */,
				8937458C17AAC0110051FF00 /* UIImageView+AFNetworking.m in Sources */,
				8937458F17AAC6BF0051FF00 /* SBLoginViewController.m in Sources */,
				8937459317AAC75B0051FF00 /* AFOAuth2Client.m in Sources */,
			);
			runOnlyForDeploymentPostprocessing = 0;
		};
		891B18C417A88D530052CF06 /* Sources */ = {
			isa = PBXSourcesBuildPhase;
			buildActionMask = 2147483647;
			files = (
				891B18D817A88D530052CF06 /* DemoProjectTests.m in Sources */,
			);
			runOnlyForDeploymentPostprocessing = 0;
		};
/* End PBXSourcesBuildPhase section */

/* Begin PBXTargetDependency section */
		891B18CF17A88D530052CF06 /* PBXTargetDependency */ = {
			isa = PBXTargetDependency;
			target = 891B18A817A88D520052CF06 /* DemoProject */;
			targetProxy = 891B18CE17A88D530052CF06 /* PBXContainerItemProxy */;
		};
/* End PBXTargetDependency section */

/* Begin PBXVariantGroup section */
		891B18B517A88D530052CF06 /* InfoPlist.strings */ = {
			isa = PBXVariantGroup;
			children = (
				891B18B617A88D530052CF06 /* en */,
			);
			name = InfoPlist.strings;
			sourceTree = "<group>";
		};
		891B18D317A88D530052CF06 /* InfoPlist.strings */ = {
			isa = PBXVariantGroup;
			children = (
				891B18D417A88D530052CF06 /* en */,
			);
			name = InfoPlist.strings;
			sourceTree = "<group>";
		};
/* End PBXVariantGroup section */

/* Begin XCBuildConfiguration section */
		891B18D917A88D530052CF06 /* Debug */ = {
			isa = XCBuildConfiguration;
			buildSettings = {
				ALWAYS_SEARCH_USER_PATHS = NO;
				CLANG_CXX_LANGUAGE_STANDARD = "gnu++0x";
				CLANG_CXX_LIBRARY = "libc++";
				CLANG_ENABLE_OBJC_ARC = YES;
				CLANG_WARN_CONSTANT_CONVERSION = YES;
				CLANG_WARN_EMPTY_BODY = YES;
				CLANG_WARN_ENUM_CONVERSION = YES;
				CLANG_WARN_INT_CONVERSION = YES;
				CLANG_WARN__DUPLICATE_METHOD_MATCH = YES;
				"CODE_SIGN_IDENTITY[sdk=iphoneos*]" = "iPhone Developer";
				COPY_PHASE_STRIP = NO;
				GCC_C_LANGUAGE_STANDARD = gnu99;
				GCC_DYNAMIC_NO_PIC = NO;
				GCC_OPTIMIZATION_LEVEL = 0;
				GCC_PREPROCESSOR_DEFINITIONS = (
					"DEBUG=1",
					"$(inherited)",
				);
				GCC_SYMBOLS_PRIVATE_EXTERN = NO;
				GCC_WARN_ABOUT_RETURN_TYPE = YES;
				GCC_WARN_UNINITIALIZED_AUTOS = YES;
				GCC_WARN_UNUSED_VARIABLE = YES;
				IPHONEOS_DEPLOYMENT_TARGET = 6.1;
				ONLY_ACTIVE_ARCH = YES;
				SDKROOT = iphoneos;
				TARGETED_DEVICE_FAMILY = "1,2";
			};
			name = Debug;
		};
		891B18DA17A88D530052CF06 /* Release */ = {
			isa = XCBuildConfiguration;
			buildSettings = {
				ALWAYS_SEARCH_USER_PATHS = NO;
				CLANG_CXX_LANGUAGE_STANDARD = "gnu++0x";
				CLANG_CXX_LIBRARY = "libc++";
				CLANG_ENABLE_OBJC_ARC = YES;
				CLANG_WARN_CONSTANT_CONVERSION = YES;
				CLANG_WARN_EMPTY_BODY = YES;
				CLANG_WARN_ENUM_CONVERSION = YES;
				CLANG_WARN_INT_CONVERSION = YES;
				CLANG_WARN__DUPLICATE_METHOD_MATCH = YES;
				"CODE_SIGN_IDENTITY[sdk=iphoneos*]" = "iPhone Developer";
				COPY_PHASE_STRIP = YES;
				GCC_C_LANGUAGE_STANDARD = gnu99;
				GCC_WARN_ABOUT_RETURN_TYPE = YES;
				GCC_WARN_UNINITIALIZED_AUTOS = YES;
				GCC_WARN_UNUSED_VARIABLE = YES;
				IPHONEOS_DEPLOYMENT_TARGET = 6.1;
				OTHER_CFLAGS = "-DNS_BLOCK_ASSERTIONS=1";
				SDKROOT = iphoneos;
				TARGETED_DEVICE_FAMILY = "1,2";
				VALIDATE_PRODUCT = YES;
			};
			name = Release;
		};
		891B18DC17A88D530052CF06 /* Debug */ = {
			isa = XCBuildConfiguration;
			buildSettings = {
				GCC_PRECOMPILE_PREFIX_HEADER = YES;
				GCC_PREFIX_HEADER = "DemoProject/DemoProject-Prefix.pch";
				INFOPLIST_FILE = "DemoProject/DemoProject-Info.plist";
				PRODUCT_NAME = "$(TARGET_NAME)";
				WRAPPER_EXTENSION = app;
			};
			name = Debug;
		};
		891B18DD17A88D530052CF06 /* Release */ = {
			isa = XCBuildConfiguration;
			buildSettings = {
				GCC_PRECOMPILE_PREFIX_HEADER = YES;
				GCC_PREFIX_HEADER = "DemoProject/DemoProject-Prefix.pch";
				INFOPLIST_FILE = "DemoProject/DemoProject-Info.plist";
				PRODUCT_NAME = "$(TARGET_NAME)";
				WRAPPER_EXTENSION = app;
			};
			name = Release;
		};
		891B18DF17A88D530052CF06 /* Debug */ = {
			isa = XCBuildConfiguration;
			buildSettings = {
				BUNDLE_LOADER = "$(BUILT_PRODUCTS_DIR)/DemoProject.app/DemoProject";
				FRAMEWORK_SEARCH_PATHS = (
					"\"$(SDKROOT)/Developer/Library/Frameworks\"",
					"\"$(DEVELOPER_LIBRARY_DIR)/Frameworks\"",
				);
				GCC_PRECOMPILE_PREFIX_HEADER = YES;
				GCC_PREFIX_HEADER = "DemoProject/DemoProject-Prefix.pch";
				INFOPLIST_FILE = "DemoProjectTests/DemoProjectTests-Info.plist";
				PRODUCT_NAME = "$(TARGET_NAME)";
				TEST_HOST = "$(BUNDLE_LOADER)";
				WRAPPER_EXTENSION = octest;
			};
			name = Debug;
		};
		891B18E017A88D530052CF06 /* Release */ = {
			isa = XCBuildConfiguration;
			buildSettings = {
				BUNDLE_LOADER = "$(BUILT_PRODUCTS_DIR)/DemoProject.app/DemoProject";
				FRAMEWORK_SEARCH_PATHS = (
					"\"$(SDKROOT)/Developer/Library/Frameworks\"",
					"\"$(DEVELOPER_LIBRARY_DIR)/Frameworks\"",
				);
				GCC_PRECOMPILE_PREFIX_HEADER = YES;
				GCC_PREFIX_HEADER = "DemoProject/DemoProject-Prefix.pch";
				INFOPLIST_FILE = "DemoProjectTests/DemoProjectTests-Info.plist";
				PRODUCT_NAME = "$(TARGET_NAME)";
				TEST_HOST = "$(BUNDLE_LOADER)";
				WRAPPER_EXTENSION = octest;
			};
			name = Release;
		};
/* End XCBuildConfiguration section */

/* Begin XCConfigurationList section */
		891B18A417A88D520052CF06 /* Build configuration list for PBXProject "DemoProject" */ = {
			isa = XCConfigurationList;
			buildConfigurations = (
				891B18D917A88D530052CF06 /* Debug */,
				891B18DA17A88D530052CF06 /* Release */,
			);
			defaultConfigurationIsVisible = 0;
			defaultConfigurationName = Release;
		};
		891B18DB17A88D530052CF06 /* Build configuration list for PBXNativeTarget "DemoProject" */ = {
			isa = XCConfigurationList;
			buildConfigurations = (
				891B18DC17A88D530052CF06 /* Debug */,
				891B18DD17A88D530052CF06 /* Release */,
			);
			defaultConfigurationIsVisible = 0;
			defaultConfigurationName = Release;
		};
		891B18DE17A88D530052CF06 /* Build configuration list for PBXNativeTarget "DemoProjectTests" */ = {
			isa = XCConfigurationList;
			buildConfigurations = (
				891B18DF17A88D530052CF06 /* Debug */,
				891B18E017A88D530052CF06 /* Release */,
			);
			defaultConfigurationIsVisible = 0;
			defaultConfigurationName = Release;
		};
/* End XCConfigurationList section */
	};
	rootObject = 891B18A117A88D520052CF06 /* Project object */;
}
